
Microsoft Visual Studio Solution File, Format Version 12.00
# Visual Studio 15
VisualStudioVersion = 15.0.27004.2006
MinimumVisualStudioVersion = 10.0.40219.1
Project("{FAE04EC0-301F-11D3-BF4B-00C04F79EFBC}") = "TES.Integration.IPSockets", "TES.Integration.IPSockets\TES.Integration.IPSockets.csproj", "{E1E141AB-7481-4B6A-8A55-7CD0F40A9AA1}"
EndProject
Project("{FAE04EC0-301F-11D3-BF4B-00C04F79EFBC}") = "Test_Sandbox", "Test_Sandbox\Test_Sandbox.csproj", "{5F0EE8CF-055A-4D79-88F8-36360A070CEC}"
EndProject
Global
	GlobalSection(SolutionConfigurationPlatforms) = preSolution
		Debug|Any CPU = Debug|Any CPU
		Release|Any CPU = Release|Any CPU
	EndGlobalSection
	GlobalSection(ProjectConfigurationPlatforms) = postSolution
		{E1E141AB-7481-4B6A-8A55-7CD0F40A9AA1}.Debug|Any CPU.ActiveCfg = Debug|Any CPU
		{E1E141AB-7481-4B6A-8A55-7CD0F40A9AA1}.Debug|Any CPU.Build.0 = Debug|Any CPU
		{E1E141AB-7481-4B6A-8A55-7CD0F40A9AA1}.Release|Any CPU.ActiveCfg = Release|Any CPU
		{E1E141AB-7481-4B6A-8A55-7CD0F40A9AA1}.Release|Any CPU.Build.0 = Release|Any CPU
		{5F0EE8CF-055A-4D79-88F8-36360A070CEC}.Debug|Any CPU.ActiveCfg = Debug|Any CPU
		{5F0EE8CF-055A-4D79-88F8-36360A070CEC}.Debug|Any CPU.Build.0 = Debug|Any CPU
		{5F0EE8CF-055A-4D79-88F8-36360A070CEC}.Release|Any CPU.ActiveCfg = Release|Any CPU
		{5F0EE8CF-055A-4D79-88F8-36360A070CEC}.Release|Any CPU.Build.0 = Release|Any CPU
	EndGlobalSection
	GlobalSection(SolutionProperties) = preSolution
		HideSolutionNode = FALSE
	EndGlobalSection
	GlobalSection(ExtensibilityGlobals) = postSolution
		SolutionGuid = {E7418F98-AE12-45EF-9475-5A1F24E4226E}
	EndGlobalSection
EndGlobal
